// !$*UTF8*$!
{
	archiveVersion = 1;
	classes = {
	};
	objectVersion = 46;
	objects = {

/* Begin PBXBuildFile section */
		C358566119DB5A3B00455EB5 /* main.m in Sources */ = {isa = PBXBuildFile; fileRef = C358566019DB5A3B00455EB5 /* main.m */; };
		C358566419DB5A3B00455EB5 /* AppDelegate.m in Sources */ = {isa = PBXBuildFile; fileRef = C358566319DB5A3B00455EB5 /* AppDelegate.m */; };
		C358566719DB5A3B00455EB5 /* ViewController.m in Sources */ = {isa = PBXBuildFile; fileRef = C358566619DB5A3B00455EB5 /* ViewController.m */; };
		C358566A19DB5A3B00455EB5 /* Main.storyboard in Resources */ = {isa = PBXBuildFile; fileRef = C358566819DB5A3B00455EB5 /* Main.storyboard */; };
		C358566C19DB5A3B00455EB5 /* Images.xcassets in Resources */ = {isa = PBXBuildFile; fileRef = C358566B19DB5A3B00455EB5 /* Images.xcassets */; };
		C358566F19DB5A3B00455EB5 /* LaunchScreen.xib in Resources */ = {isa = PBXBuildFile; fileRef = C358566D19DB5A3B00455EB5 /* LaunchScreen.xib */; };
		C358567B19DB5A3B00455EB5 /* MobileMakers1Tests.m in Sources */ = {isa = PBXBuildFile; fileRef = C358567A19DB5A3B00455EB5 /* MobileMakers1Tests.m */; };
/* End PBXBuildFile section */

/* Begin PBXContainerItemProxy section */
		C358567519DB5A3B00455EB5 /* PBXContainerItemProxy */ = {
			isa = PBXContainerItemProxy;
			containerPortal = C358565319DB5A3B00455EB5 /* Project object */;
			proxyType = 1;
			remoteGlobalIDString = C358565A19DB5A3B00455EB5;
			remoteInfo = MobileMakers1;
		};
/* End PBXContainerItemProxy section */

/* Begin PBXFileReference section */
		C358565B19DB5A3B00455EB5 /* MobileMakers1.app */ = {isa = PBXFileReference; explicitFileType = wrapper.application; includeInIndex = 0; path = MobileMakers1.app; sourceTree = BUILT_PRODUCTS_DIR; };
		C358565F19DB5A3B00455EB5 /* Info.plist */ = {isa = PBXFileReference; lastKnownFileType = text.plist.xml; path = Info.plist; sourceTree = "<group>"; };
		C358566019DB5A3B00455EB5 /* main.m */ = {isa = PBXFileReference; lastKnownFileType = sourcecode.c.objc; path = main.m; sourceTree = "<group>"; };
		C358566219DB5A3B00455EB5 /* AppDelegate.h */ = {isa = PBXFileReference; lastKnownFileType = sourcecode.c.h; path = AppDelegate.h; sourceTree = "<group>"; };
		C358566319DB5A3B00455EB5 /* AppDelegate.m */ = {isa = PBXFileReference; lastKnownFileType = sourcecode.c.objc; path = AppDelegate.m; sourceTree = "<group>"; };
		C358566519DB5A3B00455EB5 /* ViewController.h */ = {isa = PBXFileReference; lastKnownFileType = sourcecode.c.h; path = ViewController.h; sourceTree = "<group>"; };
		C358566619DB5A3B00455EB5 /* ViewController.m */ = {isa = PBXFileReference; lastKnownFileType = sourcecode.c.objc; path = ViewController.m; sourceTree = "<group>"; };
		C358566919DB5A3B00455EB5 /* Base */ = {isa = PBXFileReference; lastKnownFileType = file.storyboard; name = Base; path = Base.lproj/Main.storyboard; sourceTree = "<group>"; };
		C358566B19DB5A3B00455EB5 /* Images.xcassets */ = {isa = PBXFileReference; lastKnownFileType = folder.assetcatalog; path = Images.xcassets; sourceTree = "<group>"; };
		C358566E19DB5A3B00455EB5 /* Base */ = {isa = PBXFileReference; lastKnownFileType = file.xib; name = Base; path = Base.lproj/LaunchScreen.xib; sourceTree = "<group>"; };
		C358567419DB5A3B00455EB5 /* MobileMakers1Tests.xctest */ = {isa = PBXFileReference; explicitFileType = wrapper.cfbundle; includeInIndex = 0; path = MobileMakers1Tests.xctest; sourceTree = BUILT_PRODUCTS_DIR; };
		C358567919DB5A3B00455EB5 /* Info.plist */ = {isa = PBXFileReference; lastKnownFileType = text.plist.xml; path = Info.plist; sourceTree = "<group>"; };
		C358567A19DB5A3B00455EB5 /* MobileMakers1Tests.m */ = {isa = PBXFileReference; lastKnownFileType = sourcecode.c.objc; path = MobileMakers1Tests.m; sourceTree = "<group>"; };
/* End PBXFileReference section */

/* Begin PBXFrameworksBuildPhase section */
		C358565819DB5A3B00455EB5 /* Frameworks */ = {
			isa = PBXFrameworksBuildPhase;
			buildActionMask = 2147483647;
			files = (
			);
			runOnlyForDeploymentPostprocessing = 0;
		};
		C358567119DB5A3B00455EB5 /* Frameworks */ = {
			isa = PBXFrameworksBuildPhase;
			buildActionMask = 2147483647;
			files = (
			);
			runOnlyForDeploymentPostprocessing = 0;
		};
/* End PBXFrameworksBuildPhase section */

/* Begin PBXGroup section */
		C358565219DB5A3B00455EB5 = {
			isa = PBXGroup;
			children = (
				C358565D19DB5A3B00455EB5 /* MobileMakers1 */,
				C358567719DB5A3B00455EB5 /* MobileMakers1Tests */,
				C358565C19DB5A3B00455EB5 /* Products */,
			);
			sourceTree = "<group>";
		};
		C358565C19DB5A3B00455EB5 /* Products */ = {
			isa = PBXGroup;
			children = (
				C358565B19DB5A3B00455EB5 /* MobileMakers1.app */,
				C358567419DB5A3B00455EB5 /* MobileMakers1Tests.xctest */,
			);
			name = Products;
			sourceTree = "<group>";
		};
		C358565D19DB5A3B00455EB5 /* MobileMakers1 */ = {
			isa = PBXGroup;
			children = (
				C358566219DB5A3B00455EB5 /* AppDelegate.h */,
				C358566319DB5A3B00455EB5 /* AppDelegate.m */,
				C358566519DB5A3B00455EB5 /* ViewController.h */,
				C358566619DB5A3B00455EB5 /* ViewController.m */,
				C358566819DB5A3B00455EB5 /* Main.storyboard */,
				C358566B19DB5A3B00455EB5 /* Images.xcassets */,
				C358566D19DB5A3B00455EB5 /* LaunchScreen.xib */,
				C358565E19DB5A3B00455EB5 /* Supporting Files */,
			);
			path = MobileMakers1;
			sourceTree = "<group>";
		};
		C358565E19DB5A3B00455EB5 /* Supporting Files */ = {
			isa = PBXGroup;
			children = (
				C358565F19DB5A3B00455EB5 /* Info.plist */,
				C358566019DB5A3B00455EB5 /* main.m */,
			);
			name = "Supporting Files";
			sourceTree = "<group>";
		};
		C358567719DB5A3B00455EB5 /* MobileMakers1Tests */ = {
			isa = PBXGroup;
			children = (
				C358567A19DB5A3B00455EB5 /* MobileMakers1Tests.m */,
				C358567819DB5A3B00455EB5 /* Supporting Files */,
			);
			path = MobileMakers1Tests;
			sourceTree = "<group>";
		};
		C358567819DB5A3B00455EB5 /* Supporting Files */ = {
			isa = PBXGroup;
			children = (
				C358567919DB5A3B00455EB5 /* Info.plist */,
			);
			name = "Supporting Files";
			sourceTree = "<group>";
		};
/* End PBXGroup section */

/* Begin PBXNativeTarget section */
		C358565A19DB5A3B00455EB5 /* MobileMakers1 */ = {
			isa = PBXNativeTarget;
			buildConfigurationList = C358567E19DB5A3B00455EB5 /* Build configuration list for PBXNativeTarget "MobileMakers1" */;
			buildPhases = (
				C358565719DB5A3B00455EB5 /* Sources */,
				C358565819DB5A3B00455EB5 /* Frameworks */,
				C358565919DB5A3B00455EB5 /* Resources */,
			);
			buildRules = (
			);
			dependencies = (
			);
			name = MobileMakers1;
			productName = MobileMakers1;
			productReference = C358565B19DB5A3B00455EB5 /* MobileMakers1.app */;
			productType = "com.apple.product-type.application";
		};
		C358567319DB5A3B00455EB5 /* MobileMakers1Tests */ = {
			isa = PBXNativeTarget;
			buildConfigurationList = C358568119DB5A3B00455EB5 /* Build configuration list for PBXNativeTarget "MobileMakers1Tests" */;
			buildPhases = (
				C358567019DB5A3B00455EB5 /* Sources */,
				C358567119DB5A3B00455EB5 /* Frameworks */,
				C358567219DB5A3B00455EB5 /* Resources */,
			);
			buildRules = (
			);
			dependencies = (
				C358567619DB5A3B00455EB5 /* PBXTargetDependency */,
			);
			name = MobileMakers1Tests;
			productName = MobileMakers1Tests;
			productReference = C358567419DB5A3B00455EB5 /* MobileMakers1Tests.xctest */;
			productType = "com.apple.product-type.bundle.unit-test";
		};
/* End PBXNativeTarget section */

/* Begin PBXProject section */
		C358565319DB5A3B00455EB5 /* Project object */ = {
			isa = PBXProject;
			attributes = {
				LastUpgradeCheck = 0600;
				ORGANIZATIONNAME = GLBMXM0002;
				TargetAttributes = {
					C358565A19DB5A3B00455EB5 = {
						CreatedOnToolsVersion = 6.0.1;
					};
					C358567319DB5A3B00455EB5 = {
						CreatedOnToolsVersion = 6.0.1;
						TestTargetID = C358565A19DB5A3B00455EB5;
					};
				};
			};
			buildConfigurationList = C358565619DB5A3B00455EB5 /* Build configuration list for PBXProject "MobileMakers1" */;
			compatibilityVersion = "Xcode 3.2";
			developmentRegion = English;
			hasScannedForEncodings = 0;
			knownRegions = (
				en,
				Base,
			);
			mainGroup = C358565219DB5A3B00455EB5;
			productRefGroup = C358565C19DB5A3B00455EB5 /* Products */;
			projectDirPath = "";
			projectRoot = "";
			targets = (
				C358565A19DB5A3B00455EB5 /* MobileMakers1 */,
				C358567319DB5A3B00455EB5 /* MobileMakers1Tests */,
			);
		};
/* End PBXProject section */

/* Begin PBXResourcesBuildPhase section */
		C358565919DB5A3B00455EB5 /* Resources */ = {
			isa = PBXResourcesBuildPhase;
			buildActionMask = 2147483647;
			files = (
				C358566A19DB5A3B00455EB5 /* Main.storyboard in Resources */,
				C358566F19DB5A3B00455EB5 /* LaunchScreen.xib in Resources */,
				C358566C19DB5A3B00455EB5 /* Images.xcassets in Resources */,
			);
			runOnlyForDeploymentPostprocessing = 0;
		};
		C358567219DB5A3B00455EB5 /* Resources */ = {
			isa = PBXResourcesBuildPhase;
			buildActionMask = 2147483647;
			files = (
			);
			runOnlyForDeploymentPostprocessing = 0;
		};
/* End PBXResourcesBuildPhase section */

/* Begin PBXSourcesBuildPhase section */
		C358565719DB5A3B00455EB5 /* Sources */ = {
			isa = PBXSourcesBuildPhase;
			buildActionMask = 2147483647;
			files = (
				C358566719DB5A3B00455EB5 /* ViewController.m in Sources */,
				C358566419DB5A3B00455EB5 /* AppDelegate.m in Sources */,
				C358566119DB5A3B00455EB5 /* main.m in Sources */,
			);
			runOnlyForDeploymentPostprocessing = 0;
		};
		C358567019DB5A3B00455EB5 /* Sources */ = {
			isa = PBXSourcesBuildPhase;
			buildActionMask = 2147483647;
			files = (
				C358567B19DB5A3B00455EB5 /* MobileMakers1Tests.m in Sources */,
			);
			runOnlyForDeploymentPostprocessing = 0;
		};
/* End PBXSourcesBuildPhase section */

/* Begin PBXTargetDependency section */
		C358567619DB5A3B00455EB5 /* PBXTargetDependency */ = {
			isa = PBXTargetDependency;
			target = C358565A19DB5A3B00455EB5 /* MobileMakers1 */;
			targetProxy = C358567519DB5A3B00455EB5 /* PBXContainerItemProxy */;
		};
/* End PBXTargetDependency section */

/* Begin PBXVariantGroup section */
		C358566819DB5A3B00455EB5 /* Main.storyboard */ = {
			isa = PBXVariantGroup;
			children = (
				C358566919DB5A3B00455EB5 /* Base */,
			);
			name = Main.storyboard;
			sourceTree = "<group>";
		};
		C358566D19DB5A3B00455EB5 /* LaunchScreen.xib */ = {
			isa = PBXVariantGroup;
			children = (
				C358566E19DB5A3B00455EB5 /* Base */,
			);
			name = LaunchScreen.xib;
			sourceTree = "<group>";
		};
/* End PBXVariantGroup section */

/* Begin XCBuildConfiguration section */
		C358567C19DB5A3B00455EB5 /* Debug */ = {
			isa = XCBuildConfiguration;
			buildSettings = {
				ALWAYS_SEARCH_USER_PATHS = NO;
				CLANG_CXX_LANGUAGE_STANDARD = "gnu++0x";
				CLANG_CXX_LIBRARY = "libc++";
				CLANG_ENABLE_MODULES = YES;
				CLANG_ENABLE_OBJC_ARC = YES;
				CLANG_WARN_BOOL_CONVERSION = YES;
				CLANG_WARN_CONSTANT_CONVERSION = YES;
				CLANG_WARN_DIRECT_OBJC_ISA_USAGE = YES_ERROR;
				CLANG_WARN_EMPTY_BODY = YES;
				CLANG_WARN_ENUM_CONVERSION = YES;
				CLANG_WARN_INT_CONVERSION = YES;
				CLANG_WARN_OBJC_ROOT_CLASS = YES_ERROR;
				CLANG_WARN_UNREACHABLE_CODE = YES;
				CLANG_WARN__DUPLICATE_METHOD_MATCH = YES;
				"CODE_SIGN_IDENTITY[sdk=iphoneos*]" = "iPhone Developer";
				COPY_PHASE_STRIP = NO;
				ENABLE_STRICT_OBJC_MSGSEND = YES;
				GCC_C_LANGUAGE_STANDARD = gnu99;
				GCC_DYNAMIC_NO_PIC = NO;
				GCC_OPTIMIZATION_LEVEL = 0;
				GCC_PREPROCESSOR_DEFINITIONS = (
					"DEBUG=1",
					"$(inherited)",
				);
				GCC_SYMBOLS_PRIVATE_EXTERN = NO;
				GCC_WARN_64_TO_32_BIT_CONVERSION = YES;
				GCC_WARN_ABOUT_RETURN_TYPE = YES_ERROR;
				GCC_WARN_UNDECLARED_SELECTOR = YES;
				GCC_WARN_UNINITIALIZED_AUTOS = YES_AGGRESSIVE;
				GCC_WARN_UNUSED_FUNCTION = YES;
				GCC_WARN_UNUSED_VARIABLE = YES;
				IPHONEOS_DEPLOYMENT_TARGET = 8.0;
				MTL_ENABLE_DEBUG_INFO = YES;
				ONLY_ACTIVE_ARCH = YES;
				SDKROOT = iphoneos;
			};
			name = Debug;
		};
		C358567D19DB5A3B00455EB5 /* Release */ = {
			isa = XCBuildConfiguration;
			buildSettings = {
				ALWAYS_SEARCH_USER_PATHS = NO;
				CLANG_CXX_LANGUAGE_STANDARD = "gnu++0x";
				CLANG_CXX_LIBRARY = "libc++";
				CLANG_ENABLE_MODULES = YES;
				CLANG_ENABLE_OBJC_ARC = YES;
				CLANG_WARN_BOOL_CONVERSION = YES;
				CLANG_WARN_CONSTANT_CONVERSION = YES;
				CLANG_WARN_DIRECT_OBJC_ISA_USAGE = YES_ERROR;
				CLANG_WARN_EMPTY_BODY = YES;
				CLANG_WARN_ENUM_CONVERSION = YES;
				CLANG_WARN_INT_CONVERSION = YES;
				CLANG_WARN_OBJC_ROOT_CLASS = YES_ERROR;
				CLANG_WARN_UNREACHABLE_CODE = YES;
				CLANG_WARN__DUPLICATE_METHOD_MATCH = YES;
				"CODE_SIGN_IDENTITY[sdk=iphoneos*]" = "iPhone Developer";
				COPY_PHASE_STRIP = YES;
				ENABLE_NS_ASSERTIONS = NO;
				ENABLE_STRICT_OBJC_MSGSEND = YES;
				GCC_C_LANGUAGE_STANDARD = gnu99;
				GCC_WARN_64_TO_32_BIT_CONVERSION = YES;
				GCC_WARN_ABOUT_RETURN_TYPE = YES_ERROR;
				GCC_WARN_UNDECLARED_SELECTOR = YES;
				GCC_WARN_UNINITIALIZED_AUTOS = YES_AGGRESSIVE;
				GCC_WARN_UNUSED_FUNCTION = YES;
				GCC_WARN_UNUSED_VARIABLE = YES;
				IPHONEOS_DEPLOYMENT_TARGET = 8.0;
				MTL_ENABLE_DEBUG_INFO = NO;
				SDKROOT = iphoneos;
				VALIDATE_PRODUCT = YES;
			};
			name = Release;
		};
		C358567F19DB5A3B00455EB5 /* Debug */ = {
			isa = XCBuildConfiguration;
			buildSettings = {
				ASSETCATALOG_COMPILER_APPICON_NAME = AppIcon;
				INFOPLIST_FILE = MobileMakers1/Info.plist;
				LD_RUNPATH_SEARCH_PATHS = "$(inherited) @executable_path/Frameworks";
				PRODUCT_NAME = "$(TARGET_NAME)";
			};
			name = Debug;
		};
		C358568019DB5A3B00455EB5 /* Release */ = {
			isa = XCBuildConfiguration;
			buildSettings = {
				ASSETCATALOG_COMPILER_APPICON_NAME = AppIcon;
				INFOPLIST_FILE = MobileMakers1/Info.plist;
				LD_RUNPATH_SEARCH_PATHS = "$(inherited) @executable_path/Frameworks";
				PRODUCT_NAME = "$(TARGET_NAME)";
			};
			name = Release;
		};
		C358568219DB5A3B00455EB5 /* Debug */ = {
			isa = XCBuildConfiguration;
			buildSettings = {
				BUNDLE_LOADER = "$(TEST_HOST)";
				FRAMEWORK_SEARCH_PATHS = (
					"$(SDKROOT)/Developer/Library/Frameworks",
					"$(inherited)",
				);
				GCC_PREPROCESSOR_DEFINITIONS = (
					"DEBUG=1",
					"$(inherited)",
				);
				INFOPLIST_FILE = MobileMakers1Tests/Info.plist;
				LD_RUNPATH_SEARCH_PATHS = "$(inherited) @executable_path/Frameworks @loader_path/Frameworks";
				PRODUCT_NAME = "$(TARGET_NAME)";
				TEST_HOST = "$(BUILT_PRODUCTS_DIR)/MobileMakers1.app/MobileMakers1";
			};
			name = Debug;
		};
		C358568319DB5A3B00455EB5 /* Release */ = {
			isa = XCBuildConfiguration;
			buildSettings = {
				BUNDLE_LOADER = "$(TEST_HOST)";
				FRAMEWORK_SEARCH_PATHS = (
					"$(SDKROOT)/Developer/Library/Frameworks",
					"$(inherited)",
				);
				INFOPLIST_FILE = MobileMakers1Tests/Info.plist;
				LD_RUNPATH_SEARCH_PATHS = "$(inherited) @executable_path/Frameworks @loader_path/Frameworks";
				PRODUCT_NAME = "$(TARGET_NAME)";
				TEST_HOST = "$(BUILT_PRODUCTS_DIR)/MobileMakers1.app/MobileMakers1";
			};
			name = Release;
		};
/* End XCBuildConfiguration section */

/* Begin XCConfigurationList section */
		C358565619DB5A3B00455EB5 /* Build configuration list for PBXProject "MobileMakers1" */ = {
			isa = XCConfigurationList;
			buildConfigurations = (
				C358567C19DB5A3B00455EB5 /* Debug */,
				C358567D19DB5A3B00455EB5 /* Release */,
			);
			defaultConfigurationIsVisible = 0;
			defaultConfigurationName = Release;
		};
		C358567E19DB5A3B00455EB5 /* Build configuration list for PBXNativeTarget "MobileMakers1" */ = {
			isa = XCConfigurationList;
			buildConfigurations = (
				C358567F19DB5A3B00455EB5 /* Debug */,
				C358568019DB5A3B00455EB5 /* Release */,
			);
			defaultConfigurationIsVisible = 0;
		};
		C358568119DB5A3B00455EB5 /* Build configuration list for PBXNativeTarget "MobileMakers1Tests" */ = {
			isa = XCConfigurationList;
			buildConfigurations = (
				C358568219DB5A3B00455EB5 /* Debug */,
				C358568319DB5A3B00455EB5 /* Release */,
			);
			defaultConfigurationIsVisible = 0;
		};
/* End XCConfigurationList section */
	};
	rootObject = C358565319DB5A3B00455EB5 /* Project object */;
}
